<?xml version="1.0" encoding="utf-8"?>
<Project ToolsVersion="4.0" xmlns="http://schemas.microsoft.com/developer/msbuild/2003">
  <ItemGroup>
    <Filter Include="Source Files">
      <UniqueIdentifier>{4FC737F1-C7A5-4376-A066-2A32D752A2FF}</UniqueIdentifier>
      <Extensions>cpp;c;cc;cxx;def;odl;idl;hpj;bat;asm;asmx</Extensions>
    </Filter>
    <Filter Include="Header Files">
      <UniqueIdentifier>{93995380-89BD-4b04-88EB-625FBE52EBFB}</UniqueIdentifier>
      <Extensions>h;hh;hpp;hxx;hm;inl;inc;xsd</Extensions>
    </Filter>
    <Filter Include="Resource Files">
      <UniqueIdentifier>{67DA6AB6-F800-4c08-8B7A-83BB121AAD01}</UniqueIdentifier>
      <Extensions>rc;ico;cur;bmp;dlg;rc2;rct;bin;rgs;gif;jpg;jpeg;jpe;resx;tiff;tif;png;wav</Extensions>
    </Filter>
  </ItemGroup>
  <ItemGroup>
    <ClCompile Include="sources\ComponentKeeper.cpp">
      <Filter>Source Files</Filter>
    </ClCompile>
    <ClCompile Include="sources\EntityCreator.cpp">
      <Filter>Source Files</Filter>
    </ClCompile>
    <ClCompile Include="sources\IA.cpp">
      <Filter>Source Files</Filter>
    </ClCompile>
    <ClCompile Include="sources\main.cpp">
      <Filter>Source Files</Filter>
    </ClCompile>
    <ClCompile Include="sources\components\BooleanComponent.cpp">
      <Filter>Source Files</Filter>
    </ClCompile>
    <ClCompile Include="sources\components\Component.cpp">
      <Filter>Source Files</Filter>
    </ClCompile>
    <ClCompile Include="sources\components\ComponentUtils.cpp">
      <Filter>Source Files</Filter>
    </ClCompile>
    <ClCompile Include="sources\components\IntegerArrayComponent.cpp">
      <Filter>Source Files</Filter>
    </ClCompile>
    <ClCompile Include="sources\components\IntegerComponent.cpp">
      <Filter>Source Files</Filter>
    </ClCompile>
    <ClCompile Include="sources\components\ScriptComponent.cpp">
      <Filter>Source Files</Filter>
    </ClCompile>
    <ClCompile Include="sources\components\TargetArrayComponent.cpp">
      <Filter>Source Files</Filter>
    </ClCompile>
    <ClCompile Include="sources\components\TargetComponent.cpp">
      <Filter>Source Files</Filter>
    </ClCompile>
    <ClCompile Include="sources\components\WordArrayComponent.cpp">
      <Filter>Source Files</Filter>
    </ClCompile>
    <ClCompile Include="sources\components\WordComponent.cpp">
      <Filter>Source Files</Filter>
    </ClCompile>
    <ClCompile Include="sources\systems\AttackSystem.cpp">
      <Filter>Source Files</Filter>
    </ClCompile>
    <ClCompile Include="sources\systems\GameSystem.cpp">
      <Filter>Source Files</Filter>
    </ClCompile>
    <ClCompile Include="sources\systems\ManaSystem.cpp">
      <Filter>Source Files</Filter>
    </ClCompile>
    <ClCompile Include="sources\systems\StackSystem.cpp">
      <Filter>Source Files</Filter>
    </ClCompile>
    <ClCompile Include="sources\systems\StateBasedActionSystem.cpp">
      <Filter>Source Files</Filter>
    </ClCompile>
    <ClCompile Include="sources\systems\StepSystem.cpp">
      <Filter>Source Files</Filter>
    </ClCompile>
    <ClCompile Include="sources\systems\System.cpp">
      <Filter>Source Files</Filter>
    </ClCompile>
    <ClCompile Include="Sources\MtGALogParser.cpp">
      <Filter>Source Files</Filter>
    </ClCompile>
    <ClCompile Include="Sources\Transmitter.cpp">
      <Filter>Source Files</Filter>
    </ClCompile>
    <ClCompile Include="Sources\jsoncpp.cpp">
      <Filter>Source Files</Filter>
    </ClCompile>
    <ClCompile Include="Sources\CardLoader.cpp">
      <Filter>Source Files</Filter>
    </ClCompile>
    <ClCompile Include="Sources\JsonMessage.cpp">
      <Filter>Source Files</Filter>
    </ClCompile>
  </ItemGroup>
  <ItemGroup>
    <ClInclude Include="includes\ComponentKeeper.hpp">
      <Filter>Header Files</Filter>
    </ClInclude>
    <ClInclude Include="includes\EntityCreator.hpp">
      <Filter>Header Files</Filter>
    </ClInclude>
    <ClInclude Include="includes\GameTypes.hpp">
      <Filter>Header Files</Filter>
    </ClInclude>
    <ClInclude Include="includes\IA.hpp">
      <Filter>Header Files</Filter>
    </ClInclude>
    <ClInclude Include="includes\components\BooleanComponent.hpp">
      <Filter>Header Files</Filter>
    </ClInclude>
    <ClInclude Include="includes\components\Component.hpp">
      <Filter>Header Files</Filter>
    </ClInclude>
    <ClInclude Include="includes\components\ComponentUtils.hpp">
      <Filter>Header Files</Filter>
    </ClInclude>
    <ClInclude Include="includes\components\IntegerArrayComponent.hpp">
      <Filter>Header Files</Filter>
    </ClInclude>
    <ClInclude Include="includes\components\IntegerComponent.hpp">
      <Filter>Header Files</Filter>
    </ClInclude>
    <ClInclude Include="includes\components\ScriptComponent.hpp">
      <Filter>Header Files</Filter>
    </ClInclude>
    <ClInclude Include="includes\components\TargetArrayComponent.hpp">
      <Filter>Header Files</Filter>
    </ClInclude>
    <ClInclude Include="includes\components\TargetComponent.hpp">
      <Filter>Header Files</Filter>
    </ClInclude>
    <ClInclude Include="includes\components\WordArrayComponent.hpp">
      <Filter>Header Files</Filter>
    </ClInclude>
    <ClInclude Include="includes\components\WordComponent.hpp">
      <Filter>Header Files</Filter>
    </ClInclude>
    <ClInclude Include="includes\systems\AttackSystem.hpp">
      <Filter>Header Files</Filter>
    </ClInclude>
    <ClInclude Include="includes\systems\GameSystem.hpp">
      <Filter>Header Files</Filter>
    </ClInclude>
    <ClInclude Include="includes\systems\ManaSystem.hpp">
      <Filter>Header Files</Filter>
    </ClInclude>
    <ClInclude Include="includes\systems\StackSystem.hpp">
      <Filter>Header Files</Filter>
    </ClInclude>
    <ClInclude Include="includes\systems\StateBasedActionSystem.hpp">
      <Filter>Header Files</Filter>
    </ClInclude>
    <ClInclude Include="includes\systems\StepSystem.hpp">
      <Filter>Header Files</Filter>
    </ClInclude>
    <ClInclude Include="includes\systems\System.hpp">
      <Filter>Header Files</Filter>
    </ClInclude>
    <ClInclude Include="Includes\MtGALogParser.hpp">
      <Filter>Header Files</Filter>
    </ClInclude>
    <ClInclude Include="Includes\Transmitter.hpp">
      <Filter>Header Files</Filter>
    </ClInclude>
    <ClInclude Include="Includes\json-forwards.h">
      <Filter>Header Files</Filter>
    </ClInclude>
    <ClInclude Include="Includes\json.h">
      <Filter>Header Files</Filter>
    </ClInclude>
    <ClInclude Include="Includes\CardLoader.hpp">
      <Filter>Header Files</Filter>
    </ClInclude>
    <ClInclude Include="Includes\JsonMessage.hpp">
      <Filter>Header Files</Filter>
    </ClInclude>
  </ItemGroup>
  <ItemGroup>
    <None Include="cardsClassifier.py" />
    <None Include="cardsList.json" />
  </ItemGroup>
</Project>